{
  "name": "REFund",
  "lockfileVersion": 3,
  "requires": true,
  "packages": {
    "": {
      "dependencies": {
        "bahttext": "^2.3.0",
        "number-to-words": "^1.2.4"
      }
    },
    "node_modules/bahttext": {
      "version": "2.3.0",
      "resolved": "https://registry.npmjs.org/bahttext/-/bahttext-2.3.0.tgz",
      "integrity": "sha512-ibLXt/YbgDsC5sA0Ofw45BfHPjkVBU44WMKRdBHgCg72yALehvzWIIX0c4JoqH3P+hS1VcV7iuM7VogLvcAR1w=="
    },
    "node_modules/number-to-words": {
      "version": "1.2.4",
      "resolved": "https://registry.npmjs.org/number-to-words/-/number-to-words-1.2.4.tgz",
      "integrity": "sha512-/fYevVkXRcyBiZDg6yzZbm0RuaD6i0qRfn8yr+6D0KgBMOndFPxuW10qCHpzs50nN8qKuv78k8MuotZhcVX6Pw=="
    }
  }
}
